Microsoft Visual Studio Solution File, Format Version 12.00
# Visual Studio Version 17
VisualStudioVersion = 17.5.2.0
MinimumVisualStudioVersion = 10.0.40219.1
Project("{FAE04EC0-301F-11D3-BF4B-00C04F79EFBC}") = "ProjetoConferenciaMegaSena", "ProjetoConferenciaMegaSena.csproj", "{7C274B6B-07E8-CB83-49A7-F398A53E31BD}"
EndProject
Global
	GlobalSection(SolutionConfigurationPlatforms) = preSolution
		Debug|Any CPU = Debug|Any CPU
		Release|Any CPU = Release|Any CPU
	EndGlobalSection
	GlobalSection(ProjectConfigurationPlatforms) = postSolution
		{7C274B6B-07E8-CB83-49A7-F398A53E31BD}.Debug|Any CPU.ActiveCfg = Debug|Any CPU
		{7C274B6B-07E8-CB83-49A7-F398A53E31BD}.Debug|Any CPU.Build.0 = Debug|Any CPU
		{7C274B6B-07E8-CB83-49A7-F398A53E31BD}.Release|Any CPU.ActiveCfg = Release|Any CPU
		{7C274B6B-07E8-CB83-49A7-F398A53E31BD}.Release|Any CPU.Build.0 = Release|Any CPU
	EndGlobalSection
	GlobalSection(SolutionProperties) = preSolution
		HideSolutionNode = FALSE
	EndGlobalSection
	GlobalSection(ExtensibilityGlobals) = postSolution
		SolutionGuid = {F3A44D4C-C234-4BB0-B099-0D951318EA86}
	EndGlobalSection
EndGlobal
